<?xml version="1.0" encoding="UTF-8" standalone="yes" ?>
<CodeBlocks_project_file>
	<FileVersion major="1" minor="6" />
	<Project>
		<Option title="JUSTE PRIX" />
		<Option pch_mode="2" />
		<Option compiler="gcc" />
		<Build>
			<Target title="Debug">
				<Option output="bin\Debug\JUSTE PRIX" prefix_auto="1" extension_auto="1" />
				<Option object_output="obj\Debug\" />
				<Option type="1" />
				<Option compiler="gcc" />
				<Compiler>
					<Add option="-g" />
				</Compiler>
			</Target>
			<Target title="Release">
				<Option output="bin\Release\JUSTE PRIX" prefix_auto="1" extension_auto="1" />
				<Option object_output="obj\Release\" />
				<Option type="1" />
				<Option compiler="gcc" />
				<Compiler>
					<Add option="-O2" />
				</Compiler>
				<Linker>
					<Add option="-s" />
				</Linker>
			</Target>
		</Build>
		<Compiler>
			<Add option="-Wall" />
		</Compiler>
		<Unit filename="Challenge.c">
			<Option compilerVar="CC" />
		</Unit>
		<Unit filename="Fricfrac.c">
			<Option compilerVar="CC" />
		</Unit>
		<Unit filename="Fricfrac.h" />
		<Unit filename="PlusMoins.c">
			<Option compilerVar="CC" />
		</Unit>
		<Unit filename="PlusMoins.h" />
		<Unit filename="Simon.c">
			<Option compilerVar="CC" />
		</Unit>
		<Unit filename="Simon.h" />
		<Unit filename="Suite.c">
			<Option compilerVar="CC" />
		</Unit>
		<Unit filename="Suite.h" />
		<Unit filename="fonctions.c">
			<Option compilerVar="CC" />
		</Unit>
		<Unit filename="fonctions.h" />
		<Unit filename="main.c">
			<Option compilerVar="CC" />
		</Unit>
		<Extensions>
			<code_completion />
			<envvars />
			<debugger />
			<lib_finder disable_auto="1" />
		</Extensions>
	</Project>
</CodeBlocks_project_file>
